
Microsoft Visual Studio Solution File, Format Version 12.00
# Visual Studio Version 17
VisualStudioVersion = 17.13.35931.197 d17.13
MinimumVisualStudioVersion = 10.0.40219.1
Project("{FAE04EC0-301F-11D3-BF4B-00C04F79EFBC}") = "MathBot_CC_SP", "MathBot_CC_SP.csproj", "{D65239B6-0667-4856-8BBC-93FEA8B4E9B9}"
EndProject
Global
	GlobalSection(SolutionConfigurationPlatforms) = preSolution
		Debug|Any CPU = Debug|Any CPU
		Release|Any CPU = Release|Any CPU
	EndGlobalSection
	GlobalSection(ProjectConfigurationPlatforms) = postSolution
		{D65239B6-0667-4856-8BBC-93FEA8B4E9B9}.Debug|Any CPU.ActiveCfg = Debug|Any CPU
		{D65239B6-0667-4856-8BBC-93FEA8B4E9B9}.Debug|Any CPU.Build.0 = Debug|Any CPU
		{D65239B6-0667-4856-8BBC-93FEA8B4E9B9}.Release|Any CPU.ActiveCfg = Release|Any CPU
		{D65239B6-0667-4856-8BBC-93FEA8B4E9B9}.Release|Any CPU.Build.0 = Release|Any CPU
	EndGlobalSection
	GlobalSection(SolutionProperties) = preSolution
		HideSolutionNode = FALSE
	EndGlobalSection
	GlobalSection(ExtensibilityGlobals) = postSolution
		SolutionGuid = {21C9A1C8-1319-463D-9DFB-DE5A0486A834}
	EndGlobalSection
EndGlobal
